
Microsoft Visual Studio Solution File, Format Version 12.00
# Visual Studio Version 17
VisualStudioVersion = 17.5.33530.505
MinimumVisualStudioVersion = 10.0.40219.1
Project("{FAE04EC0-301F-11D3-BF4B-00C04F79EFBC}") = "Varianta_1", "Varianta_1\Varianta_1.csproj", "{99896875-8C4F-4E24-B514-F199725DDED4}"
EndProject
Project("{FAE04EC0-301F-11D3-BF4B-00C04F79EFBC}") = "Varianta_3", "Varianta_3\Varianta_3.csproj", "{A0AB530B-480F-4E62-AA77-7F7BE9A36994}"
EndProject
Project("{FAE04EC0-301F-11D3-BF4B-00C04F79EFBC}") = "Varianta_2", "Varianta_2\Varianta_2.csproj", "{5C63ABC6-267D-4EB0-92C7-64C2CB15803E}"
EndProject
Project("{FAE04EC0-301F-11D3-BF4B-00C04F79EFBC}") = "Varianta_4", "Varianta_4\Varianta_4.csproj", "{203D5C38-12BC-40A6-B241-908069A7531F}"
EndProject
Project("{FAE04EC0-301F-11D3-BF4B-00C04F79EFBC}") = "Varianta_5", "Varianta_5\Varianta_5.csproj", "{8B8F54D7-952B-4101-9C49-38F546AD357A}"
EndProject
Global
	GlobalSection(SolutionConfigurationPlatforms) = preSolution
		Debug|Any CPU = Debug|Any CPU
		Release|Any CPU = Release|Any CPU
	EndGlobalSection
	GlobalSection(ProjectConfigurationPlatforms) = postSolution
		{99896875-8C4F-4E24-B514-F199725DDED4}.Debug|Any CPU.ActiveCfg = Debug|Any CPU
		{99896875-8C4F-4E24-B514-F199725DDED4}.Debug|Any CPU.Build.0 = Debug|Any CPU
		{99896875-8C4F-4E24-B514-F199725DDED4}.Release|Any CPU.ActiveCfg = Release|Any CPU
		{99896875-8C4F-4E24-B514-F199725DDED4}.Release|Any CPU.Build.0 = Release|Any CPU
		{A0AB530B-480F-4E62-AA77-7F7BE9A36994}.Debug|Any CPU.ActiveCfg = Debug|Any CPU
		{A0AB530B-480F-4E62-AA77-7F7BE9A36994}.Debug|Any CPU.Build.0 = Debug|Any CPU
		{A0AB530B-480F-4E62-AA77-7F7BE9A36994}.Release|Any CPU.ActiveCfg = Release|Any CPU
		{A0AB530B-480F-4E62-AA77-7F7BE9A36994}.Release|Any CPU.Build.0 = Release|Any CPU
		{5C63ABC6-267D-4EB0-92C7-64C2CB15803E}.Debug|Any CPU.ActiveCfg = Debug|Any CPU
		{5C63ABC6-267D-4EB0-92C7-64C2CB15803E}.Debug|Any CPU.Build.0 = Debug|Any CPU
		{5C63ABC6-267D-4EB0-92C7-64C2CB15803E}.Release|Any CPU.ActiveCfg = Release|Any CPU
		{5C63ABC6-267D-4EB0-92C7-64C2CB15803E}.Release|Any CPU.Build.0 = Release|Any CPU
		{203D5C38-12BC-40A6-B241-908069A7531F}.Debug|Any CPU.ActiveCfg = Debug|Any CPU
		{203D5C38-12BC-40A6-B241-908069A7531F}.Debug|Any CPU.Build.0 = Debug|Any CPU
		{203D5C38-12BC-40A6-B241-908069A7531F}.Release|Any CPU.ActiveCfg = Release|Any CPU
		{203D5C38-12BC-40A6-B241-908069A7531F}.Release|Any CPU.Build.0 = Release|Any CPU
		{8B8F54D7-952B-4101-9C49-38F546AD357A}.Debug|Any CPU.ActiveCfg = Debug|Any CPU
		{8B8F54D7-952B-4101-9C49-38F546AD357A}.Debug|Any CPU.Build.0 = Debug|Any CPU
		{8B8F54D7-952B-4101-9C49-38F546AD357A}.Release|Any CPU.ActiveCfg = Release|Any CPU
		{8B8F54D7-952B-4101-9C49-38F546AD357A}.Release|Any CPU.Build.0 = Release|Any CPU
	EndGlobalSection
	GlobalSection(SolutionProperties) = preSolution
		HideSolutionNode = FALSE
	EndGlobalSection
	GlobalSection(ExtensibilityGlobals) = postSolution
		SolutionGuid = {D1A6C438-BE54-4A7E-BE20-91A62BAE637D}
	EndGlobalSection
EndGlobal
